
Microsoft Visual Studio Solution File, Format Version 12.00
# Visual Studio Version 16
VisualStudioVersion = 16.0.29324.140
MinimumVisualStudioVersion = 10.0.40219.1
Project("{FAE04EC0-301F-11D3-BF4B-00C04F79EFBC}") = "Lista Vetor_01", "Lista Vetor_01\Lista Vetor_01.csproj", "{7E186C38-D5BA-4C1F-9F5B-FBF52C410931}"
EndProject
Project("{FAE04EC0-301F-11D3-BF4B-00C04F79EFBC}") = "Lista Vetor_02", "Lista Vetor_02\Lista Vetor_02.csproj", "{C5F9E189-CBD4-47FF-9E2F-B2D9C580A3B9}"
EndProject
Project("{FAE04EC0-301F-11D3-BF4B-00C04F79EFBC}") = "Lista Vetor_03", "Lista Vetor_03\Lista Vetor_03.csproj", "{8A107596-2DB9-487F-8558-FD3226B4FE93}"
EndProject
Project("{FAE04EC0-301F-11D3-BF4B-00C04F79EFBC}") = "Lista Vetor_04", "Lista Vetor_04\Lista Vetor_04.csproj", "{14506CA0-FFF9-4F8F-9DEA-CCF5BB75072E}"
EndProject
Project("{FAE04EC0-301F-11D3-BF4B-00C04F79EFBC}") = "Lista Vetor_05", "Lista Vetor_05\Lista Vetor_05.csproj", "{CA0B44FA-8A09-45D4-BB87-DD094E6E10CE}"
EndProject
Project("{FAE04EC0-301F-11D3-BF4B-00C04F79EFBC}") = "Lista Vetor_06", "Lista Vetor_06\Lista Vetor_06.csproj", "{9F921F54-604C-4E36-BB72-6A20CB515158}"
EndProject
Project("{FAE04EC0-301F-11D3-BF4B-00C04F79EFBC}") = "Lista Vetor_07", "Lista Vetor_07\Lista Vetor_07.csproj", "{4170FD6F-1B7F-45F7-BA27-4EA0F33C1222}"
EndProject
Project("{FAE04EC0-301F-11D3-BF4B-00C04F79EFBC}") = "Lista Vetor_08", "Lista Vetor_08\Lista Vetor_08.csproj", "{49B2828E-8668-4E1C-BFAE-8F5E9B6C5E60}"
EndProject
Project("{FAE04EC0-301F-11D3-BF4B-00C04F79EFBC}") = "Lista Vetor_09", "Lista Vetor_09\Lista Vetor_09.csproj", "{75068641-D1F0-4435-95BB-C4FDF0FD906A}"
EndProject
Project("{FAE04EC0-301F-11D3-BF4B-00C04F79EFBC}") = "Lista Vetor_10", "Lista Vetor_10\Lista Vetor_10.csproj", "{042B33D7-6D55-42FA-B240-1828CAB4C200}"
EndProject
Global
	GlobalSection(SolutionConfigurationPlatforms) = preSolution
		Debug|Any CPU = Debug|Any CPU
		Release|Any CPU = Release|Any CPU
	EndGlobalSection
	GlobalSection(ProjectConfigurationPlatforms) = postSolution
		{7E186C38-D5BA-4C1F-9F5B-FBF52C410931}.Debug|Any CPU.ActiveCfg = Debug|Any CPU
		{7E186C38-D5BA-4C1F-9F5B-FBF52C410931}.Debug|Any CPU.Build.0 = Debug|Any CPU
		{7E186C38-D5BA-4C1F-9F5B-FBF52C410931}.Release|Any CPU.ActiveCfg = Release|Any CPU
		{7E186C38-D5BA-4C1F-9F5B-FBF52C410931}.Release|Any CPU.Build.0 = Release|Any CPU
		{C5F9E189-CBD4-47FF-9E2F-B2D9C580A3B9}.Debug|Any CPU.ActiveCfg = Debug|Any CPU
		{C5F9E189-CBD4-47FF-9E2F-B2D9C580A3B9}.Debug|Any CPU.Build.0 = Debug|Any CPU
		{C5F9E189-CBD4-47FF-9E2F-B2D9C580A3B9}.Release|Any CPU.ActiveCfg = Release|Any CPU
		{C5F9E189-CBD4-47FF-9E2F-B2D9C580A3B9}.Release|Any CPU.Build.0 = Release|Any CPU
		{8A107596-2DB9-487F-8558-FD3226B4FE93}.Debug|Any CPU.ActiveCfg = Debug|Any CPU
		{8A107596-2DB9-487F-8558-FD3226B4FE93}.Debug|Any CPU.Build.0 = Debug|Any CPU
		{8A107596-2DB9-487F-8558-FD3226B4FE93}.Release|Any CPU.ActiveCfg = Release|Any CPU
		{8A107596-2DB9-487F-8558-FD3226B4FE93}.Release|Any CPU.Build.0 = Release|Any CPU
		{14506CA0-FFF9-4F8F-9DEA-CCF5BB75072E}.Debug|Any CPU.ActiveCfg = Debug|Any CPU
		{14506CA0-FFF9-4F8F-9DEA-CCF5BB75072E}.Debug|Any CPU.Build.0 = Debug|Any CPU
		{14506CA0-FFF9-4F8F-9DEA-CCF5BB75072E}.Release|Any CPU.ActiveCfg = Release|Any CPU
		{14506CA0-FFF9-4F8F-9DEA-CCF5BB75072E}.Release|Any CPU.Build.0 = Release|Any CPU
		{CA0B44FA-8A09-45D4-BB87-DD094E6E10CE}.Debug|Any CPU.ActiveCfg = Debug|Any CPU
		{CA0B44FA-8A09-45D4-BB87-DD094E6E10CE}.Debug|Any CPU.Build.0 = Debug|Any CPU
		{CA0B44FA-8A09-45D4-BB87-DD094E6E10CE}.Release|Any CPU.ActiveCfg = Release|Any CPU
		{CA0B44FA-8A09-45D4-BB87-DD094E6E10CE}.Release|Any CPU.Build.0 = Release|Any CPU
		{9F921F54-604C-4E36-BB72-6A20CB515158}.Debug|Any CPU.ActiveCfg = Debug|Any CPU
		{9F921F54-604C-4E36-BB72-6A20CB515158}.Debug|Any CPU.Build.0 = Debug|Any CPU
		{9F921F54-604C-4E36-BB72-6A20CB515158}.Release|Any CPU.ActiveCfg = Release|Any CPU
		{9F921F54-604C-4E36-BB72-6A20CB515158}.Release|Any CPU.Build.0 = Release|Any CPU
		{4170FD6F-1B7F-45F7-BA27-4EA0F33C1222}.Debug|Any CPU.ActiveCfg = Debug|Any CPU
		{4170FD6F-1B7F-45F7-BA27-4EA0F33C1222}.Debug|Any CPU.Build.0 = Debug|Any CPU
		{4170FD6F-1B7F-45F7-BA27-4EA0F33C1222}.Release|Any CPU.ActiveCfg = Release|Any CPU
		{4170FD6F-1B7F-45F7-BA27-4EA0F33C1222}.Release|Any CPU.Build.0 = Release|Any CPU
		{49B2828E-8668-4E1C-BFAE-8F5E9B6C5E60}.Debug|Any CPU.ActiveCfg = Debug|Any CPU
		{49B2828E-8668-4E1C-BFAE-8F5E9B6C5E60}.Debug|Any CPU.Build.0 = Debug|Any CPU
		{49B2828E-8668-4E1C-BFAE-8F5E9B6C5E60}.Release|Any CPU.ActiveCfg = Release|Any CPU
		{49B2828E-8668-4E1C-BFAE-8F5E9B6C5E60}.Release|Any CPU.Build.0 = Release|Any CPU
		{75068641-D1F0-4435-95BB-C4FDF0FD906A}.Debug|Any CPU.ActiveCfg = Debug|Any CPU
		{75068641-D1F0-4435-95BB-C4FDF0FD906A}.Debug|Any CPU.Build.0 = Debug|Any CPU
		{75068641-D1F0-4435-95BB-C4FDF0FD906A}.Release|Any CPU.ActiveCfg = Release|Any CPU
		{75068641-D1F0-4435-95BB-C4FDF0FD906A}.Release|Any CPU.Build.0 = Release|Any CPU
		{042B33D7-6D55-42FA-B240-1828CAB4C200}.Debug|Any CPU.ActiveCfg = Debug|Any CPU
		{042B33D7-6D55-42FA-B240-1828CAB4C200}.Debug|Any CPU.Build.0 = Debug|Any CPU
		{042B33D7-6D55-42FA-B240-1828CAB4C200}.Release|Any CPU.ActiveCfg = Release|Any CPU
		{042B33D7-6D55-42FA-B240-1828CAB4C200}.Release|Any CPU.Build.0 = Release|Any CPU
	EndGlobalSection
	GlobalSection(SolutionProperties) = preSolution
		HideSolutionNode = FALSE
	EndGlobalSection
	GlobalSection(ExtensibilityGlobals) = postSolution
		SolutionGuid = {AC745F3C-E12B-4BC8-9820-44FED270D151}
	EndGlobalSection
EndGlobal
